
Microsoft Visual Studio Solution File, Format Version 12.00
# Visual Studio 15
VisualStudioVersion = 15.0.26228.10
MinimumVisualStudioVersion = 10.0.40219.1
Project("{2150E333-8FDC-42A3-9474-1A3956D46DE8}") = "_UI", "_UI", "{00C37DE1-1EBD-446F-BE55-102E08D2DDE5}"
EndProject
Project("{2150E333-8FDC-42A3-9474-1A3956D46DE8}") = "Libs", "Libs", "{A609D986-6442-4DB5-9132-6B4A90EB982B}"
EndProject
Project("{FAE04EC0-301F-11D3-BF4B-00C04F79EFBC}") = "CustomerREST", "RESTDotNetLib\CustomerREST.csproj", "{E5CF413C-04FC-4F65-AD07-14C59168D802}"
EndProject
Project("{FAE04EC0-301F-11D3-BF4B-00C04F79EFBC}") = "GenericsEpicorAPI", "GenericsEpicorAPI\GenericsEpicorAPI.csproj", "{34A980F0-0B2F-4624-AE70-13984C306016}"
EndProject
Project("{FAE04EC0-301F-11D3-BF4B-00C04F79EFBC}") = "Strategic Customer Management", "StrategicCustomerApp\Strategic Customer Management.csproj", "{2DFE6822-958F-43F9-9CE3-EC8862293873}"
EndProject
Global
	GlobalSection(SolutionConfigurationPlatforms) = preSolution
		Debug|Any CPU = Debug|Any CPU
		Release|Any CPU = Release|Any CPU
	EndGlobalSection
	GlobalSection(ProjectConfigurationPlatforms) = postSolution
		{E5CF413C-04FC-4F65-AD07-14C59168D802}.Debug|Any CPU.ActiveCfg = Debug|Any CPU
		{E5CF413C-04FC-4F65-AD07-14C59168D802}.Debug|Any CPU.Build.0 = Debug|Any CPU
		{E5CF413C-04FC-4F65-AD07-14C59168D802}.Release|Any CPU.ActiveCfg = Release|Any CPU
		{E5CF413C-04FC-4F65-AD07-14C59168D802}.Release|Any CPU.Build.0 = Release|Any CPU
		{34A980F0-0B2F-4624-AE70-13984C306016}.Debug|Any CPU.ActiveCfg = Debug|Any CPU
		{34A980F0-0B2F-4624-AE70-13984C306016}.Debug|Any CPU.Build.0 = Debug|Any CPU
		{34A980F0-0B2F-4624-AE70-13984C306016}.Release|Any CPU.ActiveCfg = Release|Any CPU
		{34A980F0-0B2F-4624-AE70-13984C306016}.Release|Any CPU.Build.0 = Release|Any CPU
		{2DFE6822-958F-43F9-9CE3-EC8862293873}.Debug|Any CPU.ActiveCfg = Debug|Any CPU
		{2DFE6822-958F-43F9-9CE3-EC8862293873}.Debug|Any CPU.Build.0 = Debug|Any CPU
		{2DFE6822-958F-43F9-9CE3-EC8862293873}.Release|Any CPU.ActiveCfg = Release|Any CPU
		{2DFE6822-958F-43F9-9CE3-EC8862293873}.Release|Any CPU.Build.0 = Release|Any CPU
	EndGlobalSection
	GlobalSection(SolutionProperties) = preSolution
		HideSolutionNode = FALSE
	EndGlobalSection
	GlobalSection(NestedProjects) = preSolution
		{E5CF413C-04FC-4F65-AD07-14C59168D802} = {A609D986-6442-4DB5-9132-6B4A90EB982B}
		{34A980F0-0B2F-4624-AE70-13984C306016} = {A609D986-6442-4DB5-9132-6B4A90EB982B}
		{2DFE6822-958F-43F9-9CE3-EC8862293873} = {00C37DE1-1EBD-446F-BE55-102E08D2DDE5}
	EndGlobalSection
EndGlobal
